
Microsoft Visual Studio Solution File, Format Version 12.00
# Visual Studio Version 17
VisualStudioVersion = 17.11.35327.3
MinimumVisualStudioVersion = 10.0.40219.1
Project("{9A19103F-16F7-4668-BE54-9A1E7A4F7556}") = "stage0", "stage0\stage0.csproj", "{D1D62518-8E37-4385-806F-C9ED74B4B36D}"
EndProject
Project("{2150E333-8FDC-42A3-9474-1A3956D46DE8}") = "Solution Items", "Solution Items", "{26A8B86B-6C26-4156-8FFA-3E35F958BE63}"
	ProjectSection(SolutionItems) = preProject
		README.md = README.md
	EndProjectSection
EndProject
Project("{9A19103F-16F7-4668-BE54-9A1E7A4F7556}") = "DalFacade", "DalFacade\DalFacade.csproj", "{318D5BF8-BD33-41E6-BFC0-0A8928AA6CCA}"
EndProject
Project("{9A19103F-16F7-4668-BE54-9A1E7A4F7556}") = "DalList", "DalList\DalList.csproj", "{50FDDD27-EF85-4157-9544-372011F6AADC}"
EndProject
Project("{9A19103F-16F7-4668-BE54-9A1E7A4F7556}") = "DalTest", "DalTest\DalTest.csproj", "{BDB4A30C-3BB6-4F5F-9DD6-31381E18AC63}"
EndProject
Project("{9A19103F-16F7-4668-BE54-9A1E7A4F7556}") = "DalXML", "DalXml\DalXML.csproj", "{98CDF6B8-869B-4703-B1D0-005FEB7393A8}"
EndProject
Project("{2150E333-8FDC-42A3-9474-1A3956D46DE8}") = "xml", "xml", "{5DE034EE-4B06-48A3-BF5F-92C61AAB912E}"
	ProjectSection(SolutionItems) = preProject
		xml\assignments.xml = xml\assignments.xml
		xml\calls.xml = xml\calls.xml
		xml\dal-config.xml = xml\dal-config.xml
		xml\data-Config.xml = xml\data-Config.xml
		xml\volunteers.xml = xml\volunteers.xml
		DalXml\XmlTools.cs = DalXml\XmlTools.cs
	EndProjectSection
EndProject
Project("{FAE04EC0-301F-11D3-BF4B-00C04F79EFBC}") = "BL", "BL\BL.csproj", "{1521EDF8-7A0F-4203-B664-963D4D831C8A}"
EndProject
Project("{FAE04EC0-301F-11D3-BF4B-00C04F79EFBC}") = "BlTest", "BlTest\BlTest.csproj", "{B33A919F-2EA5-4C90-AADC-B8A17BE490D0}"
EndProject
Project("{FAE04EC0-301F-11D3-BF4B-00C04F79EFBC}") = "PL", "PL\PL.csproj", "{85C25857-A203-4443-B10E-B0CACCCB95D9}"
EndProject
Global
	GlobalSection(SolutionConfigurationPlatforms) = preSolution
		Debug|Any CPU = Debug|Any CPU
		Debug|ARM = Debug|ARM
		Debug|ARM64 = Debug|ARM64
		Debug|x64 = Debug|x64
		Debug|x86 = Debug|x86
		Release|Any CPU = Release|Any CPU
		Release|ARM = Release|ARM
		Release|ARM64 = Release|ARM64
		Release|x64 = Release|x64
		Release|x86 = Release|x86
	EndGlobalSection
	GlobalSection(ProjectConfigurationPlatforms) = postSolution
		{D1D62518-8E37-4385-806F-C9ED74B4B36D}.Debug|Any CPU.ActiveCfg = Debug|Any CPU
		{D1D62518-8E37-4385-806F-C9ED74B4B36D}.Debug|Any CPU.Build.0 = Debug|Any CPU
		{D1D62518-8E37-4385-806F-C9ED74B4B36D}.Debug|ARM.ActiveCfg = Debug|Any CPU
		{D1D62518-8E37-4385-806F-C9ED74B4B36D}.Debug|ARM.Build.0 = Debug|Any CPU
		{D1D62518-8E37-4385-806F-C9ED74B4B36D}.Debug|ARM64.ActiveCfg = Debug|Any CPU
		{D1D62518-8E37-4385-806F-C9ED74B4B36D}.Debug|ARM64.Build.0 = Debug|Any CPU
		{D1D62518-8E37-4385-806F-C9ED74B4B36D}.Debug|x64.ActiveCfg = Debug|Any CPU
		{D1D62518-8E37-4385-806F-C9ED74B4B36D}.Debug|x64.Build.0 = Debug|Any CPU
		{D1D62518-8E37-4385-806F-C9ED74B4B36D}.Debug|x86.ActiveCfg = Debug|Any CPU
		{D1D62518-8E37-4385-806F-C9ED74B4B36D}.Debug|x86.Build.0 = Debug|Any CPU
		{D1D62518-8E37-4385-806F-C9ED74B4B36D}.Release|Any CPU.ActiveCfg = Release|Any CPU
		{D1D62518-8E37-4385-806F-C9ED74B4B36D}.Release|Any CPU.Build.0 = Release|Any CPU
		{D1D62518-8E37-4385-806F-C9ED74B4B36D}.Release|ARM.ActiveCfg = Release|Any CPU
		{D1D62518-8E37-4385-806F-C9ED74B4B36D}.Release|ARM.Build.0 = Release|Any CPU
		{D1D62518-8E37-4385-806F-C9ED74B4B36D}.Release|ARM64.ActiveCfg = Release|Any CPU
		{D1D62518-8E37-4385-806F-C9ED74B4B36D}.Release|ARM64.Build.0 = Release|Any CPU
		{D1D62518-8E37-4385-806F-C9ED74B4B36D}.Release|x64.ActiveCfg = Release|Any CPU
		{D1D62518-8E37-4385-806F-C9ED74B4B36D}.Release|x64.Build.0 = Release|Any CPU
		{D1D62518-8E37-4385-806F-C9ED74B4B36D}.Release|x86.ActiveCfg = Release|Any CPU
		{D1D62518-8E37-4385-806F-C9ED74B4B36D}.Release|x86.Build.0 = Release|Any CPU
		{318D5BF8-BD33-41E6-BFC0-0A8928AA6CCA}.Debug|Any CPU.ActiveCfg = Debug|Any CPU
		{318D5BF8-BD33-41E6-BFC0-0A8928AA6CCA}.Debug|Any CPU.Build.0 = Debug|Any CPU
		{318D5BF8-BD33-41E6-BFC0-0A8928AA6CCA}.Debug|ARM.ActiveCfg = Debug|Any CPU
		{318D5BF8-BD33-41E6-BFC0-0A8928AA6CCA}.Debug|ARM.Build.0 = Debug|Any CPU
		{318D5BF8-BD33-41E6-BFC0-0A8928AA6CCA}.Debug|ARM64.ActiveCfg = Debug|Any CPU
		{318D5BF8-BD33-41E6-BFC0-0A8928AA6CCA}.Debug|ARM64.Build.0 = Debug|Any CPU
		{318D5BF8-BD33-41E6-BFC0-0A8928AA6CCA}.Debug|x64.ActiveCfg = Debug|Any CPU
		{318D5BF8-BD33-41E6-BFC0-0A8928AA6CCA}.Debug|x64.Build.0 = Debug|Any CPU
		{318D5BF8-BD33-41E6-BFC0-0A8928AA6CCA}.Debug|x86.ActiveCfg = Debug|Any CPU
		{318D5BF8-BD33-41E6-BFC0-0A8928AA6CCA}.Debug|x86.Build.0 = Debug|Any CPU
		{318D5BF8-BD33-41E6-BFC0-0A8928AA6CCA}.Release|Any CPU.ActiveCfg = Release|Any CPU
		{318D5BF8-BD33-41E6-BFC0-0A8928AA6CCA}.Release|Any CPU.Build.0 = Release|Any CPU
		{318D5BF8-BD33-41E6-BFC0-0A8928AA6CCA}.Release|ARM.ActiveCfg = Release|Any CPU
		{318D5BF8-BD33-41E6-BFC0-0A8928AA6CCA}.Release|ARM.Build.0 = Release|Any CPU
		{318D5BF8-BD33-41E6-BFC0-0A8928AA6CCA}.Release|ARM64.ActiveCfg = Release|Any CPU
		{318D5BF8-BD33-41E6-BFC0-0A8928AA6CCA}.Release|ARM64.Build.0 = Release|Any CPU
		{318D5BF8-BD33-41E6-BFC0-0A8928AA6CCA}.Release|x64.ActiveCfg = Release|Any CPU
		{318D5BF8-BD33-41E6-BFC0-0A8928AA6CCA}.Release|x64.Build.0 = Release|Any CPU
		{318D5BF8-BD33-41E6-BFC0-0A8928AA6CCA}.Release|x86.ActiveCfg = Release|Any CPU
		{318D5BF8-BD33-41E6-BFC0-0A8928AA6CCA}.Release|x86.Build.0 = Release|Any CPU
		{50FDDD27-EF85-4157-9544-372011F6AADC}.Debug|Any CPU.ActiveCfg = Debug|Any CPU
		{50FDDD27-EF85-4157-9544-372011F6AADC}.Debug|Any CPU.Build.0 = Debug|Any CPU
		{50FDDD27-EF85-4157-9544-372011F6AADC}.Debug|ARM.ActiveCfg = Debug|Any CPU
		{50FDDD27-EF85-4157-9544-372011F6AADC}.Debug|ARM.Build.0 = Debug|Any CPU
		{50FDDD27-EF85-4157-9544-372011F6AADC}.Debug|ARM64.ActiveCfg = Debug|Any CPU
		{50FDDD27-EF85-4157-9544-372011F6AADC}.Debug|ARM64.Build.0 = Debug|Any CPU
		{50FDDD27-EF85-4157-9544-372011F6AADC}.Debug|x64.ActiveCfg = Debug|Any CPU
		{50FDDD27-EF85-4157-9544-372011F6AADC}.Debug|x64.Build.0 = Debug|Any CPU
		{50FDDD27-EF85-4157-9544-372011F6AADC}.Debug|x86.ActiveCfg = Debug|Any CPU
		{50FDDD27-EF85-4157-9544-372011F6AADC}.Debug|x86.Build.0 = Debug|Any CPU
		{50FDDD27-EF85-4157-9544-372011F6AADC}.Release|Any CPU.ActiveCfg = Release|Any CPU
		{50FDDD27-EF85-4157-9544-372011F6AADC}.Release|Any CPU.Build.0 = Release|Any CPU
		{50FDDD27-EF85-4157-9544-372011F6AADC}.Release|ARM.ActiveCfg = Release|Any CPU
		{50FDDD27-EF85-4157-9544-372011F6AADC}.Release|ARM.Build.0 = Release|Any CPU
		{50FDDD27-EF85-4157-9544-372011F6AADC}.Release|ARM64.ActiveCfg = Release|Any CPU
		{50FDDD27-EF85-4157-9544-372011F6AADC}.Release|ARM64.Build.0 = Release|Any CPU
		{50FDDD27-EF85-4157-9544-372011F6AADC}.Release|x64.ActiveCfg = Release|Any CPU
		{50FDDD27-EF85-4157-9544-372011F6AADC}.Release|x64.Build.0 = Release|Any CPU
		{50FDDD27-EF85-4157-9544-372011F6AADC}.Release|x86.ActiveCfg = Release|Any CPU
		{50FDDD27-EF85-4157-9544-372011F6AADC}.Release|x86.Build.0 = Release|Any CPU
		{BDB4A30C-3BB6-4F5F-9DD6-31381E18AC63}.Debug|Any CPU.ActiveCfg = Debug|Any CPU
		{BDB4A30C-3BB6-4F5F-9DD6-31381E18AC63}.Debug|Any CPU.Build.0 = Debug|Any CPU
		{BDB4A30C-3BB6-4F5F-9DD6-31381E18AC63}.Debug|ARM.ActiveCfg = Debug|Any CPU
		{BDB4A30C-3BB6-4F5F-9DD6-31381E18AC63}.Debug|ARM.Build.0 = Debug|Any CPU
		{BDB4A30C-3BB6-4F5F-9DD6-31381E18AC63}.Debug|ARM64.ActiveCfg = Debug|Any CPU
		{BDB4A30C-3BB6-4F5F-9DD6-31381E18AC63}.Debug|ARM64.Build.0 = Debug|Any CPU
		{BDB4A30C-3BB6-4F5F-9DD6-31381E18AC63}.Debug|x64.ActiveCfg = Debug|Any CPU
		{BDB4A30C-3BB6-4F5F-9DD6-31381E18AC63}.Debug|x64.Build.0 = Debug|Any CPU
		{BDB4A30C-3BB6-4F5F-9DD6-31381E18AC63}.Debug|x86.ActiveCfg = Debug|Any CPU
		{BDB4A30C-3BB6-4F5F-9DD6-31381E18AC63}.Debug|x86.Build.0 = Debug|Any CPU
		{BDB4A30C-3BB6-4F5F-9DD6-31381E18AC63}.Release|Any CPU.ActiveCfg = Release|Any CPU
		{BDB4A30C-3BB6-4F5F-9DD6-31381E18AC63}.Release|Any CPU.Build.0 = Release|Any CPU
		{BDB4A30C-3BB6-4F5F-9DD6-31381E18AC63}.Release|ARM.ActiveCfg = Release|Any CPU
		{BDB4A30C-3BB6-4F5F-9DD6-31381E18AC63}.Release|ARM.Build.0 = Release|Any CPU
		{BDB4A30C-3BB6-4F5F-9DD6-31381E18AC63}.Release|ARM64.ActiveCfg = Release|Any CPU
		{BDB4A30C-3BB6-4F5F-9DD6-31381E18AC63}.Release|ARM64.Build.0 = Release|Any CPU
		{BDB4A30C-3BB6-4F5F-9DD6-31381E18AC63}.Release|x64.ActiveCfg = Release|Any CPU
		{BDB4A30C-3BB6-4F5F-9DD6-31381E18AC63}.Release|x64.Build.0 = Release|Any CPU
		{BDB4A30C-3BB6-4F5F-9DD6-31381E18AC63}.Release|x86.ActiveCfg = Release|Any CPU
		{BDB4A30C-3BB6-4F5F-9DD6-31381E18AC63}.Release|x86.Build.0 = Release|Any CPU
		{98CDF6B8-869B-4703-B1D0-005FEB7393A8}.Debug|Any CPU.ActiveCfg = Debug|Any CPU
		{98CDF6B8-869B-4703-B1D0-005FEB7393A8}.Debug|Any CPU.Build.0 = Debug|Any CPU
		{98CDF6B8-869B-4703-B1D0-005FEB7393A8}.Debug|ARM.ActiveCfg = Debug|Any CPU
		{98CDF6B8-869B-4703-B1D0-005FEB7393A8}.Debug|ARM.Build.0 = Debug|Any CPU
		{98CDF6B8-869B-4703-B1D0-005FEB7393A8}.Debug|ARM64.ActiveCfg = Debug|Any CPU
		{98CDF6B8-869B-4703-B1D0-005FEB7393A8}.Debug|ARM64.Build.0 = Debug|Any CPU
		{98CDF6B8-869B-4703-B1D0-005FEB7393A8}.Debug|x64.ActiveCfg = Debug|Any CPU
		{98CDF6B8-869B-4703-B1D0-005FEB7393A8}.Debug|x64.Build.0 = Debug|Any CPU
		{98CDF6B8-869B-4703-B1D0-005FEB7393A8}.Debug|x86.ActiveCfg = Debug|Any CPU
		{98CDF6B8-869B-4703-B1D0-005FEB7393A8}.Debug|x86.Build.0 = Debug|Any CPU
		{98CDF6B8-869B-4703-B1D0-005FEB7393A8}.Release|Any CPU.ActiveCfg = Release|Any CPU
		{98CDF6B8-869B-4703-B1D0-005FEB7393A8}.Release|Any CPU.Build.0 = Release|Any CPU
		{98CDF6B8-869B-4703-B1D0-005FEB7393A8}.Release|ARM.ActiveCfg = Release|Any CPU
		{98CDF6B8-869B-4703-B1D0-005FEB7393A8}.Release|ARM.Build.0 = Release|Any CPU
		{98CDF6B8-869B-4703-B1D0-005FEB7393A8}.Release|ARM64.ActiveCfg = Release|Any CPU
		{98CDF6B8-869B-4703-B1D0-005FEB7393A8}.Release|ARM64.Build.0 = Release|Any CPU
		{98CDF6B8-869B-4703-B1D0-005FEB7393A8}.Release|x64.ActiveCfg = Release|Any CPU
		{98CDF6B8-869B-4703-B1D0-005FEB7393A8}.Release|x64.Build.0 = Release|Any CPU
		{98CDF6B8-869B-4703-B1D0-005FEB7393A8}.Release|x86.ActiveCfg = Release|Any CPU
		{98CDF6B8-869B-4703-B1D0-005FEB7393A8}.Release|x86.Build.0 = Release|Any CPU
		{1521EDF8-7A0F-4203-B664-963D4D831C8A}.Debug|Any CPU.ActiveCfg = Debug|Any CPU
		{1521EDF8-7A0F-4203-B664-963D4D831C8A}.Debug|Any CPU.Build.0 = Debug|Any CPU
		{1521EDF8-7A0F-4203-B664-963D4D831C8A}.Debug|ARM.ActiveCfg = Debug|Any CPU
		{1521EDF8-7A0F-4203-B664-963D4D831C8A}.Debug|ARM.Build.0 = Debug|Any CPU
		{1521EDF8-7A0F-4203-B664-963D4D831C8A}.Debug|ARM64.ActiveCfg = Debug|Any CPU
		{1521EDF8-7A0F-4203-B664-963D4D831C8A}.Debug|ARM64.Build.0 = Debug|Any CPU
		{1521EDF8-7A0F-4203-B664-963D4D831C8A}.Debug|x64.ActiveCfg = Debug|Any CPU
		{1521EDF8-7A0F-4203-B664-963D4D831C8A}.Debug|x64.Build.0 = Debug|Any CPU
		{1521EDF8-7A0F-4203-B664-963D4D831C8A}.Debug|x86.ActiveCfg = Debug|Any CPU
		{1521EDF8-7A0F-4203-B664-963D4D831C8A}.Debug|x86.Build.0 = Debug|Any CPU
		{1521EDF8-7A0F-4203-B664-963D4D831C8A}.Release|Any CPU.ActiveCfg = Release|Any CPU
		{1521EDF8-7A0F-4203-B664-963D4D831C8A}.Release|Any CPU.Build.0 = Release|Any CPU
		{1521EDF8-7A0F-4203-B664-963D4D831C8A}.Release|ARM.ActiveCfg = Release|Any CPU
		{1521EDF8-7A0F-4203-B664-963D4D831C8A}.Release|ARM.Build.0 = Release|Any CPU
		{1521EDF8-7A0F-4203-B664-963D4D831C8A}.Release|ARM64.ActiveCfg = Release|Any CPU
		{1521EDF8-7A0F-4203-B664-963D4D831C8A}.Release|ARM64.Build.0 = Release|Any CPU
		{1521EDF8-7A0F-4203-B664-963D4D831C8A}.Release|x64.ActiveCfg = Release|Any CPU
		{1521EDF8-7A0F-4203-B664-963D4D831C8A}.Release|x64.Build.0 = Release|Any CPU
		{1521EDF8-7A0F-4203-B664-963D4D831C8A}.Release|x86.ActiveCfg = Release|Any CPU
		{1521EDF8-7A0F-4203-B664-963D4D831C8A}.Release|x86.Build.0 = Release|Any CPU
		{B33A919F-2EA5-4C90-AADC-B8A17BE490D0}.Debug|Any CPU.ActiveCfg = Debug|Any CPU
		{B33A919F-2EA5-4C90-AADC-B8A17BE490D0}.Debug|Any CPU.Build.0 = Debug|Any CPU
		{B33A919F-2EA5-4C90-AADC-B8A17BE490D0}.Debug|ARM.ActiveCfg = Debug|Any CPU
		{B33A919F-2EA5-4C90-AADC-B8A17BE490D0}.Debug|ARM.Build.0 = Debug|Any CPU
		{B33A919F-2EA5-4C90-AADC-B8A17BE490D0}.Debug|ARM64.ActiveCfg = Debug|Any CPU
		{B33A919F-2EA5-4C90-AADC-B8A17BE490D0}.Debug|ARM64.Build.0 = Debug|Any CPU
		{B33A919F-2EA5-4C90-AADC-B8A17BE490D0}.Debug|x64.ActiveCfg = Debug|Any CPU
		{B33A919F-2EA5-4C90-AADC-B8A17BE490D0}.Debug|x64.Build.0 = Debug|Any CPU
		{B33A919F-2EA5-4C90-AADC-B8A17BE490D0}.Debug|x86.ActiveCfg = Debug|Any CPU
		{B33A919F-2EA5-4C90-AADC-B8A17BE490D0}.Debug|x86.Build.0 = Debug|Any CPU
		{B33A919F-2EA5-4C90-AADC-B8A17BE490D0}.Release|Any CPU.ActiveCfg = Release|Any CPU
		{B33A919F-2EA5-4C90-AADC-B8A17BE490D0}.Release|Any CPU.Build.0 = Release|Any CPU
		{B33A919F-2EA5-4C90-AADC-B8A17BE490D0}.Release|ARM.ActiveCfg = Release|Any CPU
		{B33A919F-2EA5-4C90-AADC-B8A17BE490D0}.Release|ARM.Build.0 = Release|Any CPU
		{B33A919F-2EA5-4C90-AADC-B8A17BE490D0}.Release|ARM64.ActiveCfg = Release|Any CPU
		{B33A919F-2EA5-4C90-AADC-B8A17BE490D0}.Release|ARM64.Build.0 = Release|Any CPU
		{B33A919F-2EA5-4C90-AADC-B8A17BE490D0}.Release|x64.ActiveCfg = Release|Any CPU
		{B33A919F-2EA5-4C90-AADC-B8A17BE490D0}.Release|x64.Build.0 = Release|Any CPU
		{B33A919F-2EA5-4C90-AADC-B8A17BE490D0}.Release|x86.ActiveCfg = Release|Any CPU
		{B33A919F-2EA5-4C90-AADC-B8A17BE490D0}.Release|x86.Build.0 = Release|Any CPU
		{85C25857-A203-4443-B10E-B0CACCCB95D9}.Debug|Any CPU.ActiveCfg = Debug|Any CPU
		{85C25857-A203-4443-B10E-B0CACCCB95D9}.Debug|Any CPU.Build.0 = Debug|Any CPU
		{85C25857-A203-4443-B10E-B0CACCCB95D9}.Debug|ARM.ActiveCfg = Debug|Any CPU
		{85C25857-A203-4443-B10E-B0CACCCB95D9}.Debug|ARM.Build.0 = Debug|Any CPU
		{85C25857-A203-4443-B10E-B0CACCCB95D9}.Debug|ARM64.ActiveCfg = Debug|Any CPU
		{85C25857-A203-4443-B10E-B0CACCCB95D9}.Debug|ARM64.Build.0 = Debug|Any CPU
		{85C25857-A203-4443-B10E-B0CACCCB95D9}.Debug|x64.ActiveCfg = Debug|Any CPU
		{85C25857-A203-4443-B10E-B0CACCCB95D9}.Debug|x64.Build.0 = Debug|Any CPU
		{85C25857-A203-4443-B10E-B0CACCCB95D9}.Debug|x86.ActiveCfg = Debug|Any CPU
		{85C25857-A203-4443-B10E-B0CACCCB95D9}.Debug|x86.Build.0 = Debug|Any CPU
		{85C25857-A203-4443-B10E-B0CACCCB95D9}.Release|Any CPU.ActiveCfg = Release|Any CPU
		{85C25857-A203-4443-B10E-B0CACCCB95D9}.Release|Any CPU.Build.0 = Release|Any CPU
		{85C25857-A203-4443-B10E-B0CACCCB95D9}.Release|ARM.ActiveCfg = Release|Any CPU
		{85C25857-A203-4443-B10E-B0CACCCB95D9}.Release|ARM.Build.0 = Release|Any CPU
		{85C25857-A203-4443-B10E-B0CACCCB95D9}.Release|ARM64.ActiveCfg = Release|Any CPU
		{85C25857-A203-4443-B10E-B0CACCCB95D9}.Release|ARM64.Build.0 = Release|Any CPU
		{85C25857-A203-4443-B10E-B0CACCCB95D9}.Release|x64.ActiveCfg = Release|Any CPU
		{85C25857-A203-4443-B10E-B0CACCCB95D9}.Release|x64.Build.0 = Release|Any CPU
		{85C25857-A203-4443-B10E-B0CACCCB95D9}.Release|x86.ActiveCfg = Release|Any CPU
		{85C25857-A203-4443-B10E-B0CACCCB95D9}.Release|x86.Build.0 = Release|Any CPU
	EndGlobalSection
	GlobalSection(SolutionProperties) = preSolution
		HideSolutionNode = FALSE
	EndGlobalSection
	GlobalSection(ExtensibilityGlobals) = postSolution
		SolutionGuid = {1C78699A-5EEF-4E3A-8F29-7EE2C414366F}
	EndGlobalSection
EndGlobal
