
Microsoft Visual Studio Solution File, Format Version 12.00
# Visual Studio Version 17
VisualStudioVersion = 17.11.35327.3
MinimumVisualStudioVersion = 10.0.40219.1
Project("{9A19103F-16F7-4668-BE54-9A1E7A4F7556}") = "stage0", "stage0\stage0.csproj", "{D1D62518-8E37-4385-806F-C9ED74B4B36D}"
EndProject
Project("{2150E333-8FDC-42A3-9474-1A3956D46DE8}") = "Solution Items", "Solution Items", "{26A8B86B-6C26-4156-8FFA-3E35F958BE63}"
	ProjectSection(SolutionItems) = preProject
		README.md = README.md
	EndProjectSection
EndProject
Project("{9A19103F-16F7-4668-BE54-9A1E7A4F7556}") = "DalFacade", "DalFacade\DalFacade.csproj", "{318D5BF8-BD33-41E6-BFC0-0A8928AA6CCA}"
EndProject
Project("{9A19103F-16F7-4668-BE54-9A1E7A4F7556}") = "DalList", "DalList\DalList.csproj", "{50FDDD27-EF85-4157-9544-372011F6AADC}"
EndProject
Project("{9A19103F-16F7-4668-BE54-9A1E7A4F7556}") = "DalTest", "DalTest\DalTest.csproj", "{BDB4A30C-3BB6-4F5F-9DD6-31381E18AC63}"
EndProject
Project("{9A19103F-16F7-4668-BE54-9A1E7A4F7556}") = "DalXML", "DalXml\DalXML.csproj", "{98CDF6B8-869B-4703-B1D0-005FEB7393A8}"
EndProject
Project("{2150E333-8FDC-42A3-9474-1A3956D46DE8}") = "xml", "xml", "{5DE034EE-4B06-48A3-BF5F-92C61AAB912E}"
	ProjectSection(SolutionItems) = preProject
		DalXml\XmlTools.cs = DalXml\XmlTools.cs
		xml\assignment.xml = xml\assignment.xml
		xml\calls.xml = xml\calls.xml
		xml\data-config.xml = xml\data-config.xml
		xml\volunteer.xml = xml\volunteer.xml
	EndProjectSection
EndProject
Global
	GlobalSection(SolutionConfigurationPlatforms) = preSolution
		Debug|Any CPU = Debug|Any CPU
		Release|Any CPU = Release|Any CPU
	EndGlobalSection
	GlobalSection(ProjectConfigurationPlatforms) = postSolution
		{D1D62518-8E37-4385-806F-C9ED74B4B36D}.Debug|Any CPU.ActiveCfg = Debug|Any CPU
		{D1D62518-8E37-4385-806F-C9ED74B4B36D}.Debug|Any CPU.Build.0 = Debug|Any CPU
		{D1D62518-8E37-4385-806F-C9ED74B4B36D}.Release|Any CPU.ActiveCfg = Release|Any CPU
		{D1D62518-8E37-4385-806F-C9ED74B4B36D}.Release|Any CPU.Build.0 = Release|Any CPU
		{318D5BF8-BD33-41E6-BFC0-0A8928AA6CCA}.Debug|Any CPU.ActiveCfg = Debug|Any CPU
		{318D5BF8-BD33-41E6-BFC0-0A8928AA6CCA}.Debug|Any CPU.Build.0 = Debug|Any CPU
		{318D5BF8-BD33-41E6-BFC0-0A8928AA6CCA}.Release|Any CPU.ActiveCfg = Release|Any CPU
		{318D5BF8-BD33-41E6-BFC0-0A8928AA6CCA}.Release|Any CPU.Build.0 = Release|Any CPU
		{50FDDD27-EF85-4157-9544-372011F6AADC}.Debug|Any CPU.ActiveCfg = Debug|Any CPU
		{50FDDD27-EF85-4157-9544-372011F6AADC}.Debug|Any CPU.Build.0 = Debug|Any CPU
		{50FDDD27-EF85-4157-9544-372011F6AADC}.Release|Any CPU.ActiveCfg = Release|Any CPU
		{50FDDD27-EF85-4157-9544-372011F6AADC}.Release|Any CPU.Build.0 = Release|Any CPU
		{BDB4A30C-3BB6-4F5F-9DD6-31381E18AC63}.Debug|Any CPU.ActiveCfg = Debug|Any CPU
		{BDB4A30C-3BB6-4F5F-9DD6-31381E18AC63}.Debug|Any CPU.Build.0 = Debug|Any CPU
		{BDB4A30C-3BB6-4F5F-9DD6-31381E18AC63}.Release|Any CPU.ActiveCfg = Release|Any CPU
		{BDB4A30C-3BB6-4F5F-9DD6-31381E18AC63}.Release|Any CPU.Build.0 = Release|Any CPU
		{98CDF6B8-869B-4703-B1D0-005FEB7393A8}.Debug|Any CPU.ActiveCfg = Debug|Any CPU
		{98CDF6B8-869B-4703-B1D0-005FEB7393A8}.Debug|Any CPU.Build.0 = Debug|Any CPU
		{98CDF6B8-869B-4703-B1D0-005FEB7393A8}.Release|Any CPU.ActiveCfg = Release|Any CPU
		{98CDF6B8-869B-4703-B1D0-005FEB7393A8}.Release|Any CPU.Build.0 = Release|Any CPU
	EndGlobalSection
	GlobalSection(SolutionProperties) = preSolution
		HideSolutionNode = FALSE
	EndGlobalSection
	GlobalSection(ExtensibilityGlobals) = postSolution
		SolutionGuid = {1C78699A-5EEF-4E3A-8F29-7EE2C414366F}
	EndGlobalSection
EndGlobal
